{
    "name": "ifontawesome.pro",
    "version": "1.0.0",
    "lockfileVersion": 3,
    "requires": true,
    "packages": {
        "": {
            "name": "ifontawesome.pro",
            "version": "1.0.0",
            "license": "MIT",
            "dependencies": {
                "ifontawesome.pro": "^1.0.0"
            }
        },
        "node_modules/ifontawesome.pro": {
            "version": "1.0.0",
            "resolved": "https://registry.npmjs.org/ifontawesome.pro/-/ifontawesome.pro-1.0.0.tgz",
            "integrity": "sha512-hbId+UVFJPqE/vdA/7Q/Npmveiy+KtoQtJyYeuZvJJWTR04lfN5XUpBEBfKX+FTQsAOuscfFQHQEtqZWMSB7wg=="
        }
    }
}
